// !$*UTF8*$!
{
	archiveVersion = 1;
	classes = {
	};
	objectVersion = 77;
	objects = {

/* Begin PBXBuildFile section */
		DF750E462F49AEA9000E6D55 /* TurboListKit in Frameworks */ = {isa = PBXBuildFile; productRef = DF750E452F49AEA9000E6D55 /* TurboListKit */; };
/* End PBXBuildFile section */

/* Begin PBXContainerItemProxy section */
		DFBD64CC2F49ADD30069E8BB /* PBXContainerItemProxy */ = {
			isa = PBXContainerItemProxy;
			containerPortal = DFBD64AD2F49ADD20069E8BB /* Project object */;
			proxyType = 1;
			remoteGlobalIDString = DFBD64B42F49ADD20069E8BB;
			remoteInfo = "TurboListKit-Demo";
		};
		DFBD64D62F49ADD30069E8BB /* PBXContainerItemProxy */ = {
			isa = PBXContainerItemProxy;
			containerPortal = DFBD64AD2F49ADD20069E8BB /* Project object */;
			proxyType = 1;
			remoteGlobalIDString = DFBD64B42F49ADD20069E8BB;
			remoteInfo = "TurboListKit-Demo";
		};
/* End PBXContainerItemProxy section */

/* Begin PBXFileReference section */
		DFBD64B52F49ADD20069E8BB /* TurboListKit-Demo.app */ = {isa = PBXFileReference; explicitFileType = wrapper.application; includeInIndex = 0; path = "TurboListKit-Demo.app"; sourceTree = BUILT_PRODUCTS_DIR; };
		DFBD64CB2F49ADD30069E8BB /* TurboListKit-DemoTests.xctest */ = {isa = PBXFileReference; explicitFileType = wrapper.cfbundle; includeInIndex = 0; path = "TurboListKit-DemoTests.xctest"; sourceTree = BUILT_PRODUCTS_DIR; };
		DFBD64D52F49ADD30069E8BB /* TurboListKit-DemoUITests.xctest */ = {isa = PBXFileReference; explicitFileType = wrapper.cfbundle; includeInIndex = 0; path = "TurboListKit-DemoUITests.xctest"; sourceTree = BUILT_PRODUCTS_DIR; };
/* End PBXFileReference section */

/* Begin PBXFileSystemSynchronizedBuildFileExceptionSet section */
		DFBD64DD2F49ADD30069E8BB /* Exceptions for "TurboListKit-Demo" folder in "TurboListKit-Demo" target */ = {
			isa = PBXFileSystemSynchronizedBuildFileExceptionSet;
			membershipExceptions = (
				Info.plist,
			);
			target = DFBD64B42F49ADD20069E8BB /* TurboListKit-Demo */;
		};
/* End PBXFileSystemSynchronizedBuildFileExceptionSet section */

/* Begin PBXFileSystemSynchronizedRootGroup section */
		DFBD64B72F49ADD20069E8BB /* TurboListKit-Demo */ = {
			isa = PBXFileSystemSynchronizedRootGroup;
			exceptions = (
				DFBD64DD2F49ADD30069E8BB /* Exceptions for "TurboListKit-Demo" folder in "TurboListKit-Demo" target */,
			);
			path = "TurboListKit-Demo";
			sourceTree = "<group>";
		};
		DFBD64CE2F49ADD30069E8BB /* TurboListKit-DemoTests */ = {
			isa = PBXFileSystemSynchronizedRootGroup;
			path = "TurboListKit-DemoTests";
			sourceTree = "<group>";
		};
		DFBD64D82F49ADD30069E8BB /* TurboListKit-DemoUITests */ = {
			isa = PBXFileSystemSynchronizedRootGroup;
			path = "TurboListKit-DemoUITests";
			sourceTree = "<group>";
		};
/* End PBXFileSystemSynchronizedRootGroup section */

/* Begin PBXFrameworksBuildPhase section */
		DFBD64B22F49ADD20069E8BB /* Frameworks */ = {
			isa = PBXFrameworksBuildPhase;
			buildActionMask = 2147483647;
			files = (
				DF750E462F49AEA9000E6D55 /* TurboListKit in Frameworks */,
			);
			runOnlyForDeploymentPostprocessing = 0;
		};
		DFBD64C82F49ADD30069E8BB /* Frameworks */ = {
			isa = PBXFrameworksBuildPhase;
			buildActionMask = 2147483647;
			files = (
			);
			runOnlyForDeploymentPostprocessing = 0;
		};
		DFBD64D22F49ADD30069E8BB /* Frameworks */ = {
			isa = PBXFrameworksBuildPhase;
			buildActionMask = 2147483647;
			files = (
			);
			runOnlyForDeploymentPostprocessing = 0;
		};
/* End PBXFrameworksBuildPhase section */

/* Begin PBXGroup section */
		DFBD64AC2F49ADD20069E8BB = {
			isa = PBXGroup;
			children = (
				DFBD64B72F49ADD20069E8BB /* TurboListKit-Demo */,
				DFBD64CE2F49ADD30069E8BB /* TurboListKit-DemoTests */,
				DFBD64D82F49ADD30069E8BB /* TurboListKit-DemoUITests */,
				DFBD64B62F49ADD20069E8BB /* Products */,
			);
			sourceTree = "<group>";
		};
		DFBD64B62F49ADD20069E8BB /* Products */ = {
			isa = PBXGroup;
			children = (
				DFBD64B52F49ADD20069E8BB /* TurboListKit-Demo.app */,
				DFBD64CB2F49ADD30069E8BB /* TurboListKit-DemoTests.xctest */,
				DFBD64D52F49ADD30069E8BB /* TurboListKit-DemoUITests.xctest */,
			);
			name = Products;
			sourceTree = "<group>";
		};
/* End PBXGroup section */

/* Begin PBXNativeTarget section */
		DFBD64B42F49ADD20069E8BB /* TurboListKit-Demo */ = {
			isa = PBXNativeTarget;
			buildConfigurationList = DFBD64DE2F49ADD30069E8BB /* Build configuration list for PBXNativeTarget "TurboListKit-Demo" */;
			buildPhases = (
				DFBD64B12F49ADD20069E8BB /* Sources */,
				DFBD64B22F49ADD20069E8BB /* Frameworks */,
				DFBD64B32F49ADD20069E8BB /* Resources */,
			);
			buildRules = (
			);
			dependencies = (
			);
			fileSystemSynchronizedGroups = (
				DFBD64B72F49ADD20069E8BB /* TurboListKit-Demo */,
			);
			name = "TurboListKit-Demo";
			packageProductDependencies = (
				DF750E452F49AEA9000E6D55 /* TurboListKit */,
			);
			productName = "TurboListKit-Demo";
			productReference = DFBD64B52F49ADD20069E8BB /* TurboListKit-Demo.app */;
			productType = "com.apple.product-type.application";
		};
		DFBD64CA2F49ADD30069E8BB /* TurboListKit-DemoTests */ = {
			isa = PBXNativeTarget;
			buildConfigurationList = DFBD64E32F49ADD30069E8BB /* Build configuration list for PBXNativeTarget "TurboListKit-DemoTests" */;
			buildPhases = (
				DFBD64C72F49ADD30069E8BB /* Sources */,
				DFBD64C82F49ADD30069E8BB /* Frameworks */,
				DFBD64C92F49ADD30069E8BB /* Resources */,
			);
			buildRules = (
			);
			dependencies = (
				DFBD64CD2F49ADD30069E8BB /* PBXTargetDependency */,
			);
			fileSystemSynchronizedGroups = (
				DFBD64CE2F49ADD30069E8BB /* TurboListKit-DemoTests */,
			);
			name = "TurboListKit-DemoTests";
			packageProductDependencies = (
			);
			productName = "TurboListKit-DemoTests";
			productReference = DFBD64CB2F49ADD30069E8BB /* TurboListKit-DemoTests.xctest */;
			productType = "com.apple.product-type.bundle.unit-test";
		};
		DFBD64D42F49ADD30069E8BB /* TurboListKit-DemoUITests */ = {
			isa = PBXNativeTarget;
			buildConfigurationList = DFBD64E62F49ADD30069E8BB /* Build configuration list for PBXNativeTarget "TurboListKit-DemoUITests" */;
			buildPhases = (
				DFBD64D12F49ADD30069E8BB /* Sources */,
				DFBD64D22F49ADD30069E8BB /* Frameworks */,
				DFBD64D32F49ADD30069E8BB /* Resources */,
			);
			buildRules = (
			);
			dependencies = (
				DFBD64D72F49ADD30069E8BB /* PBXTargetDependency */,
			);
			fileSystemSynchronizedGroups = (
				DFBD64D82F49ADD30069E8BB /* TurboListKit-DemoUITests */,
			);
			name = "TurboListKit-DemoUITests";
			packageProductDependencies = (
			);
			productName = "TurboListKit-DemoUITests";
			productReference = DFBD64D52F49ADD30069E8BB /* TurboListKit-DemoUITests.xctest */;
			productType = "com.apple.product-type.bundle.ui-testing";
		};
/* End PBXNativeTarget section */

/* Begin PBXProject section */
		DFBD64AD2F49ADD20069E8BB /* Project object */ = {
			isa = PBXProject;
			attributes = {
				BuildIndependentTargetsInParallel = 1;
				LastSwiftUpdateCheck = 1640;
				LastUpgradeCheck = 1640;
				TargetAttributes = {
					DFBD64B42F49ADD20069E8BB = {
						CreatedOnToolsVersion = 16.4;
					};
					DFBD64CA2F49ADD30069E8BB = {
						CreatedOnToolsVersion = 16.4;
						TestTargetID = DFBD64B42F49ADD20069E8BB;
					};
					DFBD64D42F49ADD30069E8BB = {
						CreatedOnToolsVersion = 16.4;
						TestTargetID = DFBD64B42F49ADD20069E8BB;
					};
				};
			};
			buildConfigurationList = DFBD64B02F49ADD20069E8BB /* Build configuration list for PBXProject "TurboListKit-Demo" */;
			developmentRegion = en;
			hasScannedForEncodings = 0;
			knownRegions = (
				en,
				Base,
			);
			mainGroup = DFBD64AC2F49ADD20069E8BB;
			minimizedProjectReferenceProxies = 1;
			packageReferences = (
				DF750E442F49AEA9000E6D55 /* XCLocalSwiftPackageReference "../../../TurboListKit" */,
			);
			preferredProjectObjectVersion = 77;
			productRefGroup = DFBD64B62F49ADD20069E8BB /* Products */;
			projectDirPath = "";
			projectRoot = "";
			targets = (
				DFBD64B42F49ADD20069E8BB /* TurboListKit-Demo */,
				DFBD64CA2F49ADD30069E8BB /* TurboListKit-DemoTests */,
				DFBD64D42F49ADD30069E8BB /* TurboListKit-DemoUITests */,
			);
		};
/* End PBXProject section */

/* Begin PBXResourcesBuildPhase section */
		DFBD64B32F49ADD20069E8BB /* Resources */ = {
			isa = PBXResourcesBuildPhase;
			buildActionMask = 2147483647;
			files = (
			);
			runOnlyForDeploymentPostprocessing = 0;
		};
		DFBD64C92F49ADD30069E8BB /* Resources */ = {
			isa = PBXResourcesBuildPhase;
			buildActionMask = 2147483647;
			files = (
			);
			runOnlyForDeploymentPostprocessing = 0;
		};
		DFBD64D32F49ADD30069E8BB /* Resources */ = {
			isa = PBXResourcesBuildPhase;
			buildActionMask = 2147483647;
			files = (
			);
			runOnlyForDeploymentPostprocessing = 0;
		};
/* End PBXResourcesBuildPhase section */

/* Begin PBXSourcesBuildPhase section */
		DFBD64B12F49ADD20069E8BB /* Sources */ = {
			isa = PBXSourcesBuildPhase;
			buildActionMask = 2147483647;
			files = (
			);
			runOnlyForDeploymentPostprocessing = 0;
		};
		DFBD64C72F49ADD30069E8BB /* Sources */ = {
			isa = PBXSourcesBuildPhase;
			buildActionMask = 2147483647;
			files = (
			);
			runOnlyForDeploymentPostprocessing = 0;
		};
		DFBD64D12F49ADD30069E8BB /* Sources */ = {
			isa = PBXSourcesBuildPhase;
			buildActionMask = 2147483647;
			files = (
			);
			runOnlyForDeploymentPostprocessing = 0;
		};
/* End PBXSourcesBuildPhase section */

/* Begin PBXTargetDependency section */
		DFBD64CD2F49ADD30069E8BB /* PBXTargetDependency */ = {
			isa = PBXTargetDependency;
			target = DFBD64B42F49ADD20069E8BB /* TurboListKit-Demo */;
			targetProxy = DFBD64CC2F49ADD30069E8BB /* PBXContainerItemProxy */;
		};
		DFBD64D72F49ADD30069E8BB /* PBXTargetDependency */ = {
			isa = PBXTargetDependency;
			target = DFBD64B42F49ADD20069E8BB /* TurboListKit-Demo */;
			targetProxy = DFBD64D62F49ADD30069E8BB /* PBXContainerItemProxy */;
		};
/* End PBXTargetDependency section */

/* Begin XCBuildConfiguration section */
		DFBD64DF2F49ADD30069E8BB /* Debug */ = {
			isa = XCBuildConfiguration;
			buildSettings = {
				ASSETCATALOG_COMPILER_APPICON_NAME = AppIcon;
				ASSETCATALOG_COMPILER_GLOBAL_ACCENT_COLOR_NAME = AccentColor;
				CODE_SIGN_STYLE = Automatic;
				CURRENT_PROJECT_VERSION = 1;
				DEVELOPMENT_TEAM = LGX4B4WC66;
				GENERATE_INFOPLIST_FILE = YES;
				INFOPLIST_FILE = "TurboListKit-Demo/Info.plist";
				INFOPLIST_KEY_UIApplicationSupportsIndirectInputEvents = YES;
				INFOPLIST_KEY_UILaunchStoryboardName = LaunchScreen;
				INFOPLIST_KEY_UIMainStoryboardFile = Main;
				INFOPLIST_KEY_UISupportedInterfaceOrientations_iPad = "UIInterfaceOrientationPortrait UIInterfaceOrientationPortraitUpsideDown UIInterfaceOrientationLandscapeLeft UIInterfaceOrientationLandscapeRight";
				INFOPLIST_KEY_UISupportedInterfaceOrientations_iPhone = "UIInterfaceOrientationPortrait UIInterfaceOrientationLandscapeLeft UIInterfaceOrientationLandscapeRight";
				LD_RUNPATH_SEARCH_PATHS = (
					"$(inherited)",
					"@executable_path/Frameworks",
				);
				MARKETING_VERSION = 1.0;
				PRODUCT_BUNDLE_IDENTIFIER = "com.indextrown.TurboListKit-Demo";
				PRODUCT_NAME = "$(TARGET_NAME)";
				SWIFT_EMIT_LOC_STRINGS = YES;
				SWIFT_VERSION = 5.0;
				TARGETED_DEVICE_FAMILY = "1,2";
			};
			name = Debug;
		};
		DFBD64E02F49ADD30069E8BB /* Release */ = {
			isa = XCBuildConfiguration;
			buildSettings = {
				ASSETCATALOG_COMPILER_APPICON_NAME = AppIcon;
				ASSETCATALOG_COMPILER_GLOBAL_ACCENT_COLOR_NAME = AccentColor;
				CODE_SIGN_STYLE = Automatic;
				CURRENT_PROJECT_VERSION = 1;
				DEVELOPMENT_TEAM = LGX4B4WC66;
				GENERATE_INFOPLIST_FILE = YES;
				INFOPLIST_FILE = "TurboListKit-Demo/Info.plist";
				INFOPLIST_KEY_UIApplicationSupportsIndirectInputEvents = YES;
				INFOPLIST_KEY_UILaunchStoryboardName = LaunchScreen;
				INFOPLIST_KEY_UIMainStoryboardFile = Main;
				INFOPLIST_KEY_UISupportedInterfaceOrientations_iPad = "UIInterfaceOrientationPortrait UIInterfaceOrientationPortraitUpsideDown UIInterfaceOrientationLandscapeLeft UIInterfaceOrientationLandscapeRight";
				INFOPLIST_KEY_UISupportedInterfaceOrientations_iPhone = "UIInterfaceOrientationPortrait UIInterfaceOrientationLandscapeLeft UIInterfaceOrientationLandscapeRight";
				LD_RUNPATH_SEARCH_PATHS = (
					"$(inherited)",
					"@executable_path/Frameworks",
				);
				MARKETING_VERSION = 1.0;
				PRODUCT_BUNDLE_IDENTIFIER = "com.indextrown.TurboListKit-Demo";
				PRODUCT_NAME = "$(TARGET_NAME)";
				SWIFT_EMIT_LOC_STRINGS = YES;
				SWIFT_VERSION = 5.0;
				TARGETED_DEVICE_FAMILY = "1,2";
			};
			name = Release;
		};
		DFBD64E12F49ADD30069E8BB /* Debug */ = {
			isa = XCBuildConfiguration;
			buildSettings = {
				ALWAYS_SEARCH_USER_PATHS = NO;
				ASSETCATALOG_COMPILER_GENERATE_SWIFT_ASSET_SYMBOL_EXTENSIONS = YES;
				CLANG_ANALYZER_NONNULL = YES;
				CLANG_ANALYZER_NUMBER_OBJECT_CONVERSION = YES_AGGRESSIVE;
				CLANG_CXX_LANGUAGE_STANDARD = "gnu++20";
				CLANG_ENABLE_MODULES = YES;
				CLANG_ENABLE_OBJC_ARC = YES;
				CLANG_ENABLE_OBJC_WEAK = YES;
				CLANG_WARN_BLOCK_CAPTURE_AUTORELEASING = YES;
				CLANG_WARN_BOOL_CONVERSION = YES;
				CLANG_WARN_COMMA = YES;
				CLANG_WARN_CONSTANT_CONVERSION = YES;
				CLANG_WARN_DEPRECATED_OBJC_IMPLEMENTATIONS = YES;
				CLANG_WARN_DIRECT_OBJC_ISA_USAGE = YES_ERROR;
				CLANG_WARN_DOCUMENTATION_COMMENTS = YES;
				CLANG_WARN_EMPTY_BODY = YES;
				CLANG_WARN_ENUM_CONVERSION = YES;
				CLANG_WARN_INFINITE_RECURSION = YES;
				CLANG_WARN_INT_CONVERSION = YES;
				CLANG_WARN_NON_LITERAL_NULL_CONVERSION = YES;
				CLANG_WARN_OBJC_IMPLICIT_RETAIN_SELF = YES;
				CLANG_WARN_OBJC_LITERAL_CONVERSION = YES;
				CLANG_WARN_OBJC_ROOT_CLASS = YES_ERROR;
				CLANG_WARN_QUOTED_INCLUDE_IN_FRAMEWORK_HEADER = YES;
				CLANG_WARN_RANGE_LOOP_ANALYSIS = YES;
				CLANG_WARN_STRICT_PROTOTYPES = YES;
				CLANG_WARN_SUSPICIOUS_MOVE = YES;
				CLANG_WARN_UNGUARDED_AVAILABILITY = YES_AGGRESSIVE;
				CLANG_WARN_UNREACHABLE_CODE = YES;
				CLANG_WARN__DUPLICATE_METHOD_MATCH = YES;
				COPY_PHASE_STRIP = NO;
				DEBUG_INFORMATION_FORMAT = dwarf;
				DEVELOPMENT_TEAM = LGX4B4WC66;
				ENABLE_STRICT_OBJC_MSGSEND = YES;
				ENABLE_TESTABILITY = YES;
				ENABLE_USER_SCRIPT_SANDBOXING = YES;
				GCC_C_LANGUAGE_STANDARD = gnu17;
				GCC_DYNAMIC_NO_PIC = NO;
				GCC_NO_COMMON_BLOCKS = YES;
				GCC_OPTIMIZATION_LEVEL = 0;
				GCC_PREPROCESSOR_DEFINITIONS = (
					"DEBUG=1",
					"$(inherited)",
				);
				GCC_WARN_64_TO_32_BIT_CONVERSION = YES;
				GCC_WARN_ABOUT_RETURN_TYPE = YES_ERROR;
				GCC_WARN_UNDECLARED_SELECTOR = YES;
				GCC_WARN_UNINITIALIZED_AUTOS = YES_AGGRESSIVE;
				GCC_WARN_UNUSED_FUNCTION = YES;
				GCC_WARN_UNUSED_VARIABLE = YES;
				IPHONEOS_DEPLOYMENT_TARGET = 18.5;
				LOCALIZATION_PREFERS_STRING_CATALOGS = YES;
				MTL_ENABLE_DEBUG_INFO = INCLUDE_SOURCE;
				MTL_FAST_MATH = YES;
				ONLY_ACTIVE_ARCH = YES;
				SDKROOT = iphoneos;
				SWIFT_ACTIVE_COMPILATION_CONDITIONS = "DEBUG $(inherited)";
				SWIFT_OPTIMIZATION_LEVEL = "-Onone";
			};
			name = Debug;
		};
		DFBD64E22F49ADD30069E8BB /* Release */ = {
			isa = XCBuildConfiguration;
			buildSettings = {
				ALWAYS_SEARCH_USER_PATHS = NO;
				ASSETCATALOG_COMPILER_GENERATE_SWIFT_ASSET_SYMBOL_EXTENSIONS = YES;
				CLANG_ANALYZER_NONNULL = YES;
				CLANG_ANALYZER_NUMBER_OBJECT_CONVERSION = YES_AGGRESSIVE;
				CLANG_CXX_LANGUAGE_STANDARD = "gnu++20";
				CLANG_ENABLE_MODULES = YES;
				CLANG_ENABLE_OBJC_ARC = YES;
				CLANG_ENABLE_OBJC_WEAK = YES;
				CLANG_WARN_BLOCK_CAPTURE_AUTORELEASING = YES;
				CLANG_WARN_BOOL_CONVERSION = YES;
				CLANG_WARN_COMMA = YES;
				CLANG_WARN_CONSTANT_CONVERSION = YES;
				CLANG_WARN_DEPRECATED_OBJC_IMPLEMENTATIONS = YES;
				CLANG_WARN_DIRECT_OBJC_ISA_USAGE = YES_ERROR;
				CLANG_WARN_DOCUMENTATION_COMMENTS = YES;
				CLANG_WARN_EMPTY_BODY = YES;
				CLANG_WARN_ENUM_CONVERSION = YES;
				CLANG_WARN_INFINITE_RECURSION = YES;
				CLANG_WARN_INT_CONVERSION = YES;
				CLANG_WARN_NON_LITERAL_NULL_CONVERSION = YES;
				CLANG_WARN_OBJC_IMPLICIT_RETAIN_SELF = YES;
				CLANG_WARN_OBJC_LITERAL_CONVERSION = YES;
				CLANG_WARN_OBJC_ROOT_CLASS = YES_ERROR;
				CLANG_WARN_QUOTED_INCLUDE_IN_FRAMEWORK_HEADER = YES;
				CLANG_WARN_RANGE_LOOP_ANALYSIS = YES;
				CLANG_WARN_STRICT_PROTOTYPES = YES;
				CLANG_WARN_SUSPICIOUS_MOVE = YES;
				CLANG_WARN_UNGUARDED_AVAILABILITY = YES_AGGRESSIVE;
				CLANG_WARN_UNREACHABLE_CODE = YES;
				CLANG_WARN__DUPLICATE_METHOD_MATCH = YES;
				COPY_PHASE_STRIP = NO;
				DEBUG_INFORMATION_FORMAT = "dwarf-with-dsym";
				DEVELOPMENT_TEAM = LGX4B4WC66;
				ENABLE_NS_ASSERTIONS = NO;
				ENABLE_STRICT_OBJC_MSGSEND = YES;
				ENABLE_USER_SCRIPT_SANDBOXING = YES;
				GCC_C_LANGUAGE_STANDARD = gnu17;
				GCC_NO_COMMON_BLOCKS = YES;
				GCC_WARN_64_TO_32_BIT_CONVERSION = YES;
				GCC_WARN_ABOUT_RETURN_TYPE = YES_ERROR;
				GCC_WARN_UNDECLARED_SELECTOR = YES;
				GCC_WARN_UNINITIALIZED_AUTOS = YES_AGGRESSIVE;
				GCC_WARN_UNUSED_FUNCTION = YES;
				GCC_WARN_UNUSED_VARIABLE = YES;
				IPHONEOS_DEPLOYMENT_TARGET = 18.5;
				LOCALIZATION_PREFERS_STRING_CATALOGS = YES;
				MTL_ENABLE_DEBUG_INFO = NO;
				MTL_FAST_MATH = YES;
				SDKROOT = iphoneos;
				SWIFT_COMPILATION_MODE = wholemodule;
				VALIDATE_PRODUCT = YES;
			};
			name = Release;
		};
		DFBD64E42F49ADD30069E8BB /* Debug */ = {
			isa = XCBuildConfiguration;
			buildSettings = {
				BUNDLE_LOADER = "$(TEST_HOST)";
				CODE_SIGN_STYLE = Automatic;
				CURRENT_PROJECT_VERSION = 1;
				DEVELOPMENT_TEAM = LGX4B4WC66;
				GENERATE_INFOPLIST_FILE = YES;
				IPHONEOS_DEPLOYMENT_TARGET = 18.5;
				MARKETING_VERSION = 1.0;
				PRODUCT_BUNDLE_IDENTIFIER = "com.indextrown.TurboListKit-DemoTests";
				PRODUCT_NAME = "$(TARGET_NAME)";
				SWIFT_EMIT_LOC_STRINGS = NO;
				SWIFT_VERSION = 5.0;
				TARGETED_DEVICE_FAMILY = "1,2";
				TEST_HOST = "$(BUILT_PRODUCTS_DIR)/TurboListKit-Demo.app/$(BUNDLE_EXECUTABLE_FOLDER_PATH)/TurboListKit-Demo";
			};
			name = Debug;
		};
		DFBD64E52F49ADD30069E8BB /* Release */ = {
			isa = XCBuildConfiguration;
			buildSettings = {
				BUNDLE_LOADER = "$(TEST_HOST)";
				CODE_SIGN_STYLE = Automatic;
				CURRENT_PROJECT_VERSION = 1;
				DEVELOPMENT_TEAM = LGX4B4WC66;
				GENERATE_INFOPLIST_FILE = YES;
				IPHONEOS_DEPLOYMENT_TARGET = 18.5;
				MARKETING_VERSION = 1.0;
				PRODUCT_BUNDLE_IDENTIFIER = "com.indextrown.TurboListKit-DemoTests";
				PRODUCT_NAME = "$(TARGET_NAME)";
				SWIFT_EMIT_LOC_STRINGS = NO;
				SWIFT_VERSION = 5.0;
				TARGETED_DEVICE_FAMILY = "1,2";
				TEST_HOST = "$(BUILT_PRODUCTS_DIR)/TurboListKit-Demo.app/$(BUNDLE_EXECUTABLE_FOLDER_PATH)/TurboListKit-Demo";
			};
			name = Release;
		};
		DFBD64E72F49ADD30069E8BB /* Debug */ = {
			isa = XCBuildConfiguration;
			buildSettings = {
				CODE_SIGN_STYLE = Automatic;
				CURRENT_PROJECT_VERSION = 1;
				DEVELOPMENT_TEAM = LGX4B4WC66;
				GENERATE_INFOPLIST_FILE = YES;
				MARKETING_VERSION = 1.0;
				PRODUCT_BUNDLE_IDENTIFIER = "com.indextrown.TurboListKit-DemoUITests";
				PRODUCT_NAME = "$(TARGET_NAME)";
				SWIFT_EMIT_LOC_STRINGS = NO;
				SWIFT_VERSION = 5.0;
				TARGETED_DEVICE_FAMILY = "1,2";
				TEST_TARGET_NAME = "TurboListKit-Demo";
			};
			name = Debug;
		};
		DFBD64E82F49ADD30069E8BB /* Release */ = {
			isa = XCBuildConfiguration;
			buildSettings = {
				CODE_SIGN_STYLE = Automatic;
				CURRENT_PROJECT_VERSION = 1;
				DEVELOPMENT_TEAM = LGX4B4WC66;
				GENERATE_INFOPLIST_FILE = YES;
				MARKETING_VERSION = 1.0;
				PRODUCT_BUNDLE_IDENTIFIER = "com.indextrown.TurboListKit-DemoUITests";
				PRODUCT_NAME = "$(TARGET_NAME)";
				SWIFT_EMIT_LOC_STRINGS = NO;
				SWIFT_VERSION = 5.0;
				TARGETED_DEVICE_FAMILY = "1,2";
				TEST_TARGET_NAME = "TurboListKit-Demo";
			};
			name = Release;
		};
/* End XCBuildConfiguration section */

/* Begin XCConfigurationList section */
		DFBD64B02F49ADD20069E8BB /* Build configuration list for PBXProject "TurboListKit-Demo" */ = {
			isa = XCConfigurationList;
			buildConfigurations = (
				DFBD64E12F49ADD30069E8BB /* Debug */,
				DFBD64E22F49ADD30069E8BB /* Release */,
			);
			defaultConfigurationIsVisible = 0;
			defaultConfigurationName = Release;
		};
		DFBD64DE2F49ADD30069E8BB /* Build configuration list for PBXNativeTarget "TurboListKit-Demo" */ = {
			isa = XCConfigurationList;
			buildConfigurations = (
				DFBD64DF2F49ADD30069E8BB /* Debug */,
				DFBD64E02F49ADD30069E8BB /* Release */,
			);
			defaultConfigurationIsVisible = 0;
			defaultConfigurationName = Release;
		};
		DFBD64E32F49ADD30069E8BB /* Build configuration list for PBXNativeTarget "TurboListKit-DemoTests" */ = {
			isa = XCConfigurationList;
			buildConfigurations = (
				DFBD64E42F49ADD30069E8BB /* Debug */,
				DFBD64E52F49ADD30069E8BB /* Release */,
			);
			defaultConfigurationIsVisible = 0;
			defaultConfigurationName = Release;
		};
		DFBD64E62F49ADD30069E8BB /* Build configuration list for PBXNativeTarget "TurboListKit-DemoUITests" */ = {
			isa = XCConfigurationList;
			buildConfigurations = (
				DFBD64E72F49ADD30069E8BB /* Debug */,
				DFBD64E82F49ADD30069E8BB /* Release */,
			);
			defaultConfigurationIsVisible = 0;
			defaultConfigurationName = Release;
		};
/* End XCConfigurationList section */

/* Begin XCLocalSwiftPackageReference section */
		DF750E442F49AEA9000E6D55 /* XCLocalSwiftPackageReference "../../../TurboListKit" */ = {
			isa = XCLocalSwiftPackageReference;
			relativePath = ../../../TurboListKit;
		};
/* End XCLocalSwiftPackageReference section */

/* Begin XCSwiftPackageProductDependency section */
		DF750E452F49AEA9000E6D55 /* TurboListKit */ = {
			isa = XCSwiftPackageProductDependency;
			productName = TurboListKit;
		};
/* End XCSwiftPackageProductDependency section */
	};
	rootObject = DFBD64AD2F49ADD20069E8BB /* Project object */;
}
