// !$*UTF8*$!
{
	archiveVersion = 1;
	classes = {
	};
	objectVersion = 77;
	objects = {

/* Begin PBXBuildFile section */
		DF8925F92F597E7200BE368B /* TurboListKit in Frameworks */ = {isa = PBXBuildFile; productRef = DF8925F82F597E7200BE368B /* TurboListKit */; };
		DF9592B52F5B302D00F09F62 /* TurboListKit in Frameworks */ = {isa = PBXBuildFile; productRef = DF9592B42F5B302D00F09F62 /* TurboListKit */; };
/* End PBXBuildFile section */

/* Begin PBXContainerItemProxy section */
		DF6BE1A52F597E33002EA8E4 /* PBXContainerItemProxy */ = {
			isa = PBXContainerItemProxy;
			containerPortal = DF6BE18F2F597E32002EA8E4 /* Project object */;
			proxyType = 1;
			remoteGlobalIDString = DF6BE1962F597E32002EA8E4;
			remoteInfo = "TurboListKit-Demo";
		};
		DF6BE1AF2F597E33002EA8E4 /* PBXContainerItemProxy */ = {
			isa = PBXContainerItemProxy;
			containerPortal = DF6BE18F2F597E32002EA8E4 /* Project object */;
			proxyType = 1;
			remoteGlobalIDString = DF6BE1962F597E32002EA8E4;
			remoteInfo = "TurboListKit-Demo";
		};
/* End PBXContainerItemProxy section */

/* Begin PBXFileReference section */
		DF6BE1972F597E32002EA8E4 /* TurboListKit-Demo.app */ = {isa = PBXFileReference; explicitFileType = wrapper.application; includeInIndex = 0; path = "TurboListKit-Demo.app"; sourceTree = BUILT_PRODUCTS_DIR; };
		DF6BE1A42F597E33002EA8E4 /* TurboListKit-DemoTests.xctest */ = {isa = PBXFileReference; explicitFileType = wrapper.cfbundle; includeInIndex = 0; path = "TurboListKit-DemoTests.xctest"; sourceTree = BUILT_PRODUCTS_DIR; };
		DF6BE1AE2F597E33002EA8E4 /* TurboListKit-DemoUITests.xctest */ = {isa = PBXFileReference; explicitFileType = wrapper.cfbundle; includeInIndex = 0; path = "TurboListKit-DemoUITests.xctest"; sourceTree = BUILT_PRODUCTS_DIR; };
/* End PBXFileReference section */

/* Begin PBXFileSystemSynchronizedRootGroup section */
		DF6BE1992F597E32002EA8E4 /* TurboListKit-Demo */ = {
			isa = PBXFileSystemSynchronizedRootGroup;
			path = "TurboListKit-Demo";
			sourceTree = "<group>";
		};
		DF6BE1A72F597E33002EA8E4 /* TurboListKit-DemoTests */ = {
			isa = PBXFileSystemSynchronizedRootGroup;
			path = "TurboListKit-DemoTests";
			sourceTree = "<group>";
		};
		DF6BE1B12F597E33002EA8E4 /* TurboListKit-DemoUITests */ = {
			isa = PBXFileSystemSynchronizedRootGroup;
			path = "TurboListKit-DemoUITests";
			sourceTree = "<group>";
		};
/* End PBXFileSystemSynchronizedRootGroup section */

/* Begin PBXFrameworksBuildPhase section */
		DF6BE1942F597E32002EA8E4 /* Frameworks */ = {
			isa = PBXFrameworksBuildPhase;
			buildActionMask = 2147483647;
			files = (
				DF9592B52F5B302D00F09F62 /* TurboListKit in Frameworks */,
				DF8925F92F597E7200BE368B /* TurboListKit in Frameworks */,
			);
			runOnlyForDeploymentPostprocessing = 0;
		};
		DF6BE1A12F597E33002EA8E4 /* Frameworks */ = {
			isa = PBXFrameworksBuildPhase;
			buildActionMask = 2147483647;
			files = (
			);
			runOnlyForDeploymentPostprocessing = 0;
		};
		DF6BE1AB2F597E33002EA8E4 /* Frameworks */ = {
			isa = PBXFrameworksBuildPhase;
			buildActionMask = 2147483647;
			files = (
			);
			runOnlyForDeploymentPostprocessing = 0;
		};
/* End PBXFrameworksBuildPhase section */

/* Begin PBXGroup section */
		DF6BE18E2F597E32002EA8E4 = {
			isa = PBXGroup;
			children = (
				DF6BE1992F597E32002EA8E4 /* TurboListKit-Demo */,
				DF6BE1A72F597E33002EA8E4 /* TurboListKit-DemoTests */,
				DF6BE1B12F597E33002EA8E4 /* TurboListKit-DemoUITests */,
				DF6BE1982F597E32002EA8E4 /* Products */,
			);
			sourceTree = "<group>";
		};
		DF6BE1982F597E32002EA8E4 /* Products */ = {
			isa = PBXGroup;
			children = (
				DF6BE1972F597E32002EA8E4 /* TurboListKit-Demo.app */,
				DF6BE1A42F597E33002EA8E4 /* TurboListKit-DemoTests.xctest */,
				DF6BE1AE2F597E33002EA8E4 /* TurboListKit-DemoUITests.xctest */,
			);
			name = Products;
			sourceTree = "<group>";
		};
/* End PBXGroup section */

/* Begin PBXNativeTarget section */
		DF6BE1962F597E32002EA8E4 /* TurboListKit-Demo */ = {
			isa = PBXNativeTarget;
			buildConfigurationList = DF6BE1B82F597E33002EA8E4 /* Build configuration list for PBXNativeTarget "TurboListKit-Demo" */;
			buildPhases = (
				DF6BE1932F597E32002EA8E4 /* Sources */,
				DF6BE1942F597E32002EA8E4 /* Frameworks */,
				DF6BE1952F597E32002EA8E4 /* Resources */,
			);
			buildRules = (
			);
			dependencies = (
			);
			fileSystemSynchronizedGroups = (
				DF6BE1992F597E32002EA8E4 /* TurboListKit-Demo */,
			);
			name = "TurboListKit-Demo";
			packageProductDependencies = (
				DF8925F82F597E7200BE368B /* TurboListKit */,
				DF9592B42F5B302D00F09F62 /* TurboListKit */,
			);
			productName = "TurboListKit-Demo";
			productReference = DF6BE1972F597E32002EA8E4 /* TurboListKit-Demo.app */;
			productType = "com.apple.product-type.application";
		};
		DF6BE1A32F597E33002EA8E4 /* TurboListKit-DemoTests */ = {
			isa = PBXNativeTarget;
			buildConfigurationList = DF6BE1BB2F597E33002EA8E4 /* Build configuration list for PBXNativeTarget "TurboListKit-DemoTests" */;
			buildPhases = (
				DF6BE1A02F597E33002EA8E4 /* Sources */,
				DF6BE1A12F597E33002EA8E4 /* Frameworks */,
				DF6BE1A22F597E33002EA8E4 /* Resources */,
			);
			buildRules = (
			);
			dependencies = (
				DF6BE1A62F597E33002EA8E4 /* PBXTargetDependency */,
			);
			fileSystemSynchronizedGroups = (
				DF6BE1A72F597E33002EA8E4 /* TurboListKit-DemoTests */,
			);
			name = "TurboListKit-DemoTests";
			packageProductDependencies = (
			);
			productName = "TurboListKit-DemoTests";
			productReference = DF6BE1A42F597E33002EA8E4 /* TurboListKit-DemoTests.xctest */;
			productType = "com.apple.product-type.bundle.unit-test";
		};
		DF6BE1AD2F597E33002EA8E4 /* TurboListKit-DemoUITests */ = {
			isa = PBXNativeTarget;
			buildConfigurationList = DF6BE1BE2F597E33002EA8E4 /* Build configuration list for PBXNativeTarget "TurboListKit-DemoUITests" */;
			buildPhases = (
				DF6BE1AA2F597E33002EA8E4 /* Sources */,
				DF6BE1AB2F597E33002EA8E4 /* Frameworks */,
				DF6BE1AC2F597E33002EA8E4 /* Resources */,
			);
			buildRules = (
			);
			dependencies = (
				DF6BE1B02F597E33002EA8E4 /* PBXTargetDependency */,
			);
			fileSystemSynchronizedGroups = (
				DF6BE1B12F597E33002EA8E4 /* TurboListKit-DemoUITests */,
			);
			name = "TurboListKit-DemoUITests";
			packageProductDependencies = (
			);
			productName = "TurboListKit-DemoUITests";
			productReference = DF6BE1AE2F597E33002EA8E4 /* TurboListKit-DemoUITests.xctest */;
			productType = "com.apple.product-type.bundle.ui-testing";
		};
/* End PBXNativeTarget section */

/* Begin PBXProject section */
		DF6BE18F2F597E32002EA8E4 /* Project object */ = {
			isa = PBXProject;
			attributes = {
				BuildIndependentTargetsInParallel = 1;
				LastSwiftUpdateCheck = 1640;
				LastUpgradeCheck = 1640;
				TargetAttributes = {
					DF6BE1962F597E32002EA8E4 = {
						CreatedOnToolsVersion = 16.4;
					};
					DF6BE1A32F597E33002EA8E4 = {
						CreatedOnToolsVersion = 16.4;
						TestTargetID = DF6BE1962F597E32002EA8E4;
					};
					DF6BE1AD2F597E33002EA8E4 = {
						CreatedOnToolsVersion = 16.4;
						TestTargetID = DF6BE1962F597E32002EA8E4;
					};
				};
			};
			buildConfigurationList = DF6BE1922F597E32002EA8E4 /* Build configuration list for PBXProject "TurboListKit-Demo" */;
			developmentRegion = en;
			hasScannedForEncodings = 0;
			knownRegions = (
				en,
				Base,
			);
			mainGroup = DF6BE18E2F597E32002EA8E4;
			minimizedProjectReferenceProxies = 1;
			packageReferences = (
				DF9592B32F5B302D00F09F62 /* XCLocalSwiftPackageReference "../../../TurboListKit" */,
			);
			preferredProjectObjectVersion = 77;
			productRefGroup = DF6BE1982F597E32002EA8E4 /* Products */;
			projectDirPath = "";
			projectRoot = "";
			targets = (
				DF6BE1962F597E32002EA8E4 /* TurboListKit-Demo */,
				DF6BE1A32F597E33002EA8E4 /* TurboListKit-DemoTests */,
				DF6BE1AD2F597E33002EA8E4 /* TurboListKit-DemoUITests */,
			);
		};
/* End PBXProject section */

/* Begin PBXResourcesBuildPhase section */
		DF6BE1952F597E32002EA8E4 /* Resources */ = {
			isa = PBXResourcesBuildPhase;
			buildActionMask = 2147483647;
			files = (
			);
			runOnlyForDeploymentPostprocessing = 0;
		};
		DF6BE1A22F597E33002EA8E4 /* Resources */ = {
			isa = PBXResourcesBuildPhase;
			buildActionMask = 2147483647;
			files = (
			);
			runOnlyForDeploymentPostprocessing = 0;
		};
		DF6BE1AC2F597E33002EA8E4 /* Resources */ = {
			isa = PBXResourcesBuildPhase;
			buildActionMask = 2147483647;
			files = (
			);
			runOnlyForDeploymentPostprocessing = 0;
		};
/* End PBXResourcesBuildPhase section */

/* Begin PBXSourcesBuildPhase section */
		DF6BE1932F597E32002EA8E4 /* Sources */ = {
			isa = PBXSourcesBuildPhase;
			buildActionMask = 2147483647;
			files = (
			);
			runOnlyForDeploymentPostprocessing = 0;
		};
		DF6BE1A02F597E33002EA8E4 /* Sources */ = {
			isa = PBXSourcesBuildPhase;
			buildActionMask = 2147483647;
			files = (
			);
			runOnlyForDeploymentPostprocessing = 0;
		};
		DF6BE1AA2F597E33002EA8E4 /* Sources */ = {
			isa = PBXSourcesBuildPhase;
			buildActionMask = 2147483647;
			files = (
			);
			runOnlyForDeploymentPostprocessing = 0;
		};
/* End PBXSourcesBuildPhase section */

/* Begin PBXTargetDependency section */
		DF6BE1A62F597E33002EA8E4 /* PBXTargetDependency */ = {
			isa = PBXTargetDependency;
			target = DF6BE1962F597E32002EA8E4 /* TurboListKit-Demo */;
			targetProxy = DF6BE1A52F597E33002EA8E4 /* PBXContainerItemProxy */;
		};
		DF6BE1B02F597E33002EA8E4 /* PBXTargetDependency */ = {
			isa = PBXTargetDependency;
			target = DF6BE1962F597E32002EA8E4 /* TurboListKit-Demo */;
			targetProxy = DF6BE1AF2F597E33002EA8E4 /* PBXContainerItemProxy */;
		};
/* End PBXTargetDependency section */

/* Begin XCBuildConfiguration section */
		DF6BE1B62F597E33002EA8E4 /* Debug */ = {
			isa = XCBuildConfiguration;
			buildSettings = {
				ALWAYS_SEARCH_USER_PATHS = NO;
				ASSETCATALOG_COMPILER_GENERATE_SWIFT_ASSET_SYMBOL_EXTENSIONS = YES;
				CLANG_ANALYZER_NONNULL = YES;
				CLANG_ANALYZER_NUMBER_OBJECT_CONVERSION = YES_AGGRESSIVE;
				CLANG_CXX_LANGUAGE_STANDARD = "gnu++20";
				CLANG_ENABLE_MODULES = YES;
				CLANG_ENABLE_OBJC_ARC = YES;
				CLANG_ENABLE_OBJC_WEAK = YES;
				CLANG_WARN_BLOCK_CAPTURE_AUTORELEASING = YES;
				CLANG_WARN_BOOL_CONVERSION = YES;
				CLANG_WARN_COMMA = YES;
				CLANG_WARN_CONSTANT_CONVERSION = YES;
				CLANG_WARN_DEPRECATED_OBJC_IMPLEMENTATIONS = YES;
				CLANG_WARN_DIRECT_OBJC_ISA_USAGE = YES_ERROR;
				CLANG_WARN_DOCUMENTATION_COMMENTS = YES;
				CLANG_WARN_EMPTY_BODY = YES;
				CLANG_WARN_ENUM_CONVERSION = YES;
				CLANG_WARN_INFINITE_RECURSION = YES;
				CLANG_WARN_INT_CONVERSION = YES;
				CLANG_WARN_NON_LITERAL_NULL_CONVERSION = YES;
				CLANG_WARN_OBJC_IMPLICIT_RETAIN_SELF = YES;
				CLANG_WARN_OBJC_LITERAL_CONVERSION = YES;
				CLANG_WARN_OBJC_ROOT_CLASS = YES_ERROR;
				CLANG_WARN_QUOTED_INCLUDE_IN_FRAMEWORK_HEADER = YES;
				CLANG_WARN_RANGE_LOOP_ANALYSIS = YES;
				CLANG_WARN_STRICT_PROTOTYPES = YES;
				CLANG_WARN_SUSPICIOUS_MOVE = YES;
				CLANG_WARN_UNGUARDED_AVAILABILITY = YES_AGGRESSIVE;
				CLANG_WARN_UNREACHABLE_CODE = YES;
				CLANG_WARN__DUPLICATE_METHOD_MATCH = YES;
				COPY_PHASE_STRIP = NO;
				DEBUG_INFORMATION_FORMAT = dwarf;
				DEVELOPMENT_TEAM = LGX4B4WC66;
				ENABLE_STRICT_OBJC_MSGSEND = YES;
				ENABLE_TESTABILITY = YES;
				ENABLE_USER_SCRIPT_SANDBOXING = YES;
				GCC_C_LANGUAGE_STANDARD = gnu17;
				GCC_DYNAMIC_NO_PIC = NO;
				GCC_NO_COMMON_BLOCKS = YES;
				GCC_OPTIMIZATION_LEVEL = 0;
				GCC_PREPROCESSOR_DEFINITIONS = (
					"DEBUG=1",
					"$(inherited)",
				);
				GCC_WARN_64_TO_32_BIT_CONVERSION = YES;
				GCC_WARN_ABOUT_RETURN_TYPE = YES_ERROR;
				GCC_WARN_UNDECLARED_SELECTOR = YES;
				GCC_WARN_UNINITIALIZED_AUTOS = YES_AGGRESSIVE;
				GCC_WARN_UNUSED_FUNCTION = YES;
				GCC_WARN_UNUSED_VARIABLE = YES;
				IPHONEOS_DEPLOYMENT_TARGET = 18.5;
				LOCALIZATION_PREFERS_STRING_CATALOGS = YES;
				MTL_ENABLE_DEBUG_INFO = INCLUDE_SOURCE;
				MTL_FAST_MATH = YES;
				ONLY_ACTIVE_ARCH = YES;
				SDKROOT = iphoneos;
				SWIFT_ACTIVE_COMPILATION_CONDITIONS = "DEBUG $(inherited)";
				SWIFT_OPTIMIZATION_LEVEL = "-Onone";
			};
			name = Debug;
		};
		DF6BE1B72F597E33002EA8E4 /* Release */ = {
			isa = XCBuildConfiguration;
			buildSettings = {
				ALWAYS_SEARCH_USER_PATHS = NO;
				ASSETCATALOG_COMPILER_GENERATE_SWIFT_ASSET_SYMBOL_EXTENSIONS = YES;
				CLANG_ANALYZER_NONNULL = YES;
				CLANG_ANALYZER_NUMBER_OBJECT_CONVERSION = YES_AGGRESSIVE;
				CLANG_CXX_LANGUAGE_STANDARD = "gnu++20";
				CLANG_ENABLE_MODULES = YES;
				CLANG_ENABLE_OBJC_ARC = YES;
				CLANG_ENABLE_OBJC_WEAK = YES;
				CLANG_WARN_BLOCK_CAPTURE_AUTORELEASING = YES;
				CLANG_WARN_BOOL_CONVERSION = YES;
				CLANG_WARN_COMMA = YES;
				CLANG_WARN_CONSTANT_CONVERSION = YES;
				CLANG_WARN_DEPRECATED_OBJC_IMPLEMENTATIONS = YES;
				CLANG_WARN_DIRECT_OBJC_ISA_USAGE = YES_ERROR;
				CLANG_WARN_DOCUMENTATION_COMMENTS = YES;
				CLANG_WARN_EMPTY_BODY = YES;
				CLANG_WARN_ENUM_CONVERSION = YES;
				CLANG_WARN_INFINITE_RECURSION = YES;
				CLANG_WARN_INT_CONVERSION = YES;
				CLANG_WARN_NON_LITERAL_NULL_CONVERSION = YES;
				CLANG_WARN_OBJC_IMPLICIT_RETAIN_SELF = YES;
				CLANG_WARN_OBJC_LITERAL_CONVERSION = YES;
				CLANG_WARN_OBJC_ROOT_CLASS = YES_ERROR;
				CLANG_WARN_QUOTED_INCLUDE_IN_FRAMEWORK_HEADER = YES;
				CLANG_WARN_RANGE_LOOP_ANALYSIS = YES;
				CLANG_WARN_STRICT_PROTOTYPES = YES;
				CLANG_WARN_SUSPICIOUS_MOVE = YES;
				CLANG_WARN_UNGUARDED_AVAILABILITY = YES_AGGRESSIVE;
				CLANG_WARN_UNREACHABLE_CODE = YES;
				CLANG_WARN__DUPLICATE_METHOD_MATCH = YES;
				COPY_PHASE_STRIP = NO;
				DEBUG_INFORMATION_FORMAT = "dwarf-with-dsym";
				DEVELOPMENT_TEAM = LGX4B4WC66;
				ENABLE_NS_ASSERTIONS = NO;
				ENABLE_STRICT_OBJC_MSGSEND = YES;
				ENABLE_USER_SCRIPT_SANDBOXING = YES;
				GCC_C_LANGUAGE_STANDARD = gnu17;
				GCC_NO_COMMON_BLOCKS = YES;
				GCC_WARN_64_TO_32_BIT_CONVERSION = YES;
				GCC_WARN_ABOUT_RETURN_TYPE = YES_ERROR;
				GCC_WARN_UNDECLARED_SELECTOR = YES;
				GCC_WARN_UNINITIALIZED_AUTOS = YES_AGGRESSIVE;
				GCC_WARN_UNUSED_FUNCTION = YES;
				GCC_WARN_UNUSED_VARIABLE = YES;
				IPHONEOS_DEPLOYMENT_TARGET = 18.5;
				LOCALIZATION_PREFERS_STRING_CATALOGS = YES;
				MTL_ENABLE_DEBUG_INFO = NO;
				MTL_FAST_MATH = YES;
				SDKROOT = iphoneos;
				SWIFT_COMPILATION_MODE = wholemodule;
				VALIDATE_PRODUCT = YES;
			};
			name = Release;
		};
		DF6BE1B92F597E33002EA8E4 /* Debug */ = {
			isa = XCBuildConfiguration;
			buildSettings = {
				ASSETCATALOG_COMPILER_APPICON_NAME = AppIcon;
				ASSETCATALOG_COMPILER_GLOBAL_ACCENT_COLOR_NAME = AccentColor;
				CODE_SIGN_STYLE = Automatic;
				CURRENT_PROJECT_VERSION = 1;
				DEVELOPMENT_TEAM = LGX4B4WC66;
				ENABLE_PREVIEWS = YES;
				GENERATE_INFOPLIST_FILE = YES;
				INFOPLIST_KEY_UIApplicationSceneManifest_Generation = YES;
				INFOPLIST_KEY_UIApplicationSupportsIndirectInputEvents = YES;
				INFOPLIST_KEY_UILaunchScreen_Generation = YES;
				INFOPLIST_KEY_UISupportedInterfaceOrientations_iPad = "UIInterfaceOrientationPortrait UIInterfaceOrientationPortraitUpsideDown UIInterfaceOrientationLandscapeLeft UIInterfaceOrientationLandscapeRight";
				INFOPLIST_KEY_UISupportedInterfaceOrientations_iPhone = "UIInterfaceOrientationPortrait UIInterfaceOrientationLandscapeLeft UIInterfaceOrientationLandscapeRight";
				LD_RUNPATH_SEARCH_PATHS = (
					"$(inherited)",
					"@executable_path/Frameworks",
				);
				MARKETING_VERSION = 1.0;
				PRODUCT_BUNDLE_IDENTIFIER = "com.indextrown.TurboListKit-Demo";
				PRODUCT_NAME = "$(TARGET_NAME)";
				SWIFT_EMIT_LOC_STRINGS = YES;
				SWIFT_VERSION = 5.0;
				TARGETED_DEVICE_FAMILY = "1,2";
			};
			name = Debug;
		};
		DF6BE1BA2F597E33002EA8E4 /* Release */ = {
			isa = XCBuildConfiguration;
			buildSettings = {
				ASSETCATALOG_COMPILER_APPICON_NAME = AppIcon;
				ASSETCATALOG_COMPILER_GLOBAL_ACCENT_COLOR_NAME = AccentColor;
				CODE_SIGN_STYLE = Automatic;
				CURRENT_PROJECT_VERSION = 1;
				DEVELOPMENT_TEAM = LGX4B4WC66;
				ENABLE_PREVIEWS = YES;
				GENERATE_INFOPLIST_FILE = YES;
				INFOPLIST_KEY_UIApplicationSceneManifest_Generation = YES;
				INFOPLIST_KEY_UIApplicationSupportsIndirectInputEvents = YES;
				INFOPLIST_KEY_UILaunchScreen_Generation = YES;
				INFOPLIST_KEY_UISupportedInterfaceOrientations_iPad = "UIInterfaceOrientationPortrait UIInterfaceOrientationPortraitUpsideDown UIInterfaceOrientationLandscapeLeft UIInterfaceOrientationLandscapeRight";
				INFOPLIST_KEY_UISupportedInterfaceOrientations_iPhone = "UIInterfaceOrientationPortrait UIInterfaceOrientationLandscapeLeft UIInterfaceOrientationLandscapeRight";
				LD_RUNPATH_SEARCH_PATHS = (
					"$(inherited)",
					"@executable_path/Frameworks",
				);
				MARKETING_VERSION = 1.0;
				PRODUCT_BUNDLE_IDENTIFIER = "com.indextrown.TurboListKit-Demo";
				PRODUCT_NAME = "$(TARGET_NAME)";
				SWIFT_EMIT_LOC_STRINGS = YES;
				SWIFT_VERSION = 5.0;
				TARGETED_DEVICE_FAMILY = "1,2";
			};
			name = Release;
		};
		DF6BE1BC2F597E33002EA8E4 /* Debug */ = {
			isa = XCBuildConfiguration;
			buildSettings = {
				BUNDLE_LOADER = "$(TEST_HOST)";
				CODE_SIGN_STYLE = Automatic;
				CURRENT_PROJECT_VERSION = 1;
				DEVELOPMENT_TEAM = LGX4B4WC66;
				GENERATE_INFOPLIST_FILE = YES;
				IPHONEOS_DEPLOYMENT_TARGET = 18.5;
				MARKETING_VERSION = 1.0;
				PRODUCT_BUNDLE_IDENTIFIER = "com.indextrown.TurboListKit-DemoTests";
				PRODUCT_NAME = "$(TARGET_NAME)";
				SWIFT_EMIT_LOC_STRINGS = NO;
				SWIFT_VERSION = 5.0;
				TARGETED_DEVICE_FAMILY = "1,2";
				TEST_HOST = "$(BUILT_PRODUCTS_DIR)/TurboListKit-Demo.app/$(BUNDLE_EXECUTABLE_FOLDER_PATH)/TurboListKit-Demo";
			};
			name = Debug;
		};
		DF6BE1BD2F597E33002EA8E4 /* Release */ = {
			isa = XCBuildConfiguration;
			buildSettings = {
				BUNDLE_LOADER = "$(TEST_HOST)";
				CODE_SIGN_STYLE = Automatic;
				CURRENT_PROJECT_VERSION = 1;
				DEVELOPMENT_TEAM = LGX4B4WC66;
				GENERATE_INFOPLIST_FILE = YES;
				IPHONEOS_DEPLOYMENT_TARGET = 18.5;
				MARKETING_VERSION = 1.0;
				PRODUCT_BUNDLE_IDENTIFIER = "com.indextrown.TurboListKit-DemoTests";
				PRODUCT_NAME = "$(TARGET_NAME)";
				SWIFT_EMIT_LOC_STRINGS = NO;
				SWIFT_VERSION = 5.0;
				TARGETED_DEVICE_FAMILY = "1,2";
				TEST_HOST = "$(BUILT_PRODUCTS_DIR)/TurboListKit-Demo.app/$(BUNDLE_EXECUTABLE_FOLDER_PATH)/TurboListKit-Demo";
			};
			name = Release;
		};
		DF6BE1BF2F597E33002EA8E4 /* Debug */ = {
			isa = XCBuildConfiguration;
			buildSettings = {
				CODE_SIGN_STYLE = Automatic;
				CURRENT_PROJECT_VERSION = 1;
				DEVELOPMENT_TEAM = LGX4B4WC66;
				GENERATE_INFOPLIST_FILE = YES;
				MARKETING_VERSION = 1.0;
				PRODUCT_BUNDLE_IDENTIFIER = "com.indextrown.TurboListKit-DemoUITests";
				PRODUCT_NAME = "$(TARGET_NAME)";
				SWIFT_EMIT_LOC_STRINGS = NO;
				SWIFT_VERSION = 5.0;
				TARGETED_DEVICE_FAMILY = "1,2";
				TEST_TARGET_NAME = "TurboListKit-Demo";
			};
			name = Debug;
		};
		DF6BE1C02F597E33002EA8E4 /* Release */ = {
			isa = XCBuildConfiguration;
			buildSettings = {
				CODE_SIGN_STYLE = Automatic;
				CURRENT_PROJECT_VERSION = 1;
				DEVELOPMENT_TEAM = LGX4B4WC66;
				GENERATE_INFOPLIST_FILE = YES;
				MARKETING_VERSION = 1.0;
				PRODUCT_BUNDLE_IDENTIFIER = "com.indextrown.TurboListKit-DemoUITests";
				PRODUCT_NAME = "$(TARGET_NAME)";
				SWIFT_EMIT_LOC_STRINGS = NO;
				SWIFT_VERSION = 5.0;
				TARGETED_DEVICE_FAMILY = "1,2";
				TEST_TARGET_NAME = "TurboListKit-Demo";
			};
			name = Release;
		};
/* End XCBuildConfiguration section */

/* Begin XCConfigurationList section */
		DF6BE1922F597E32002EA8E4 /* Build configuration list for PBXProject "TurboListKit-Demo" */ = {
			isa = XCConfigurationList;
			buildConfigurations = (
				DF6BE1B62F597E33002EA8E4 /* Debug */,
				DF6BE1B72F597E33002EA8E4 /* Release */,
			);
			defaultConfigurationIsVisible = 0;
			defaultConfigurationName = Release;
		};
		DF6BE1B82F597E33002EA8E4 /* Build configuration list for PBXNativeTarget "TurboListKit-Demo" */ = {
			isa = XCConfigurationList;
			buildConfigurations = (
				DF6BE1B92F597E33002EA8E4 /* Debug */,
				DF6BE1BA2F597E33002EA8E4 /* Release */,
			);
			defaultConfigurationIsVisible = 0;
			defaultConfigurationName = Release;
		};
		DF6BE1BB2F597E33002EA8E4 /* Build configuration list for PBXNativeTarget "TurboListKit-DemoTests" */ = {
			isa = XCConfigurationList;
			buildConfigurations = (
				DF6BE1BC2F597E33002EA8E4 /* Debug */,
				DF6BE1BD2F597E33002EA8E4 /* Release */,
			);
			defaultConfigurationIsVisible = 0;
			defaultConfigurationName = Release;
		};
		DF6BE1BE2F597E33002EA8E4 /* Build configuration list for PBXNativeTarget "TurboListKit-DemoUITests" */ = {
			isa = XCConfigurationList;
			buildConfigurations = (
				DF6BE1BF2F597E33002EA8E4 /* Debug */,
				DF6BE1C02F597E33002EA8E4 /* Release */,
			);
			defaultConfigurationIsVisible = 0;
			defaultConfigurationName = Release;
		};
/* End XCConfigurationList section */

/* Begin XCLocalSwiftPackageReference section */
		DF9592B32F5B302D00F09F62 /* XCLocalSwiftPackageReference "../../../TurboListKit" */ = {
			isa = XCLocalSwiftPackageReference;
			relativePath = ../../../TurboListKit;
		};
/* End XCLocalSwiftPackageReference section */

/* Begin XCSwiftPackageProductDependency section */
		DF8925F82F597E7200BE368B /* TurboListKit */ = {
			isa = XCSwiftPackageProductDependency;
			productName = TurboListKit;
		};
		DF9592B42F5B302D00F09F62 /* TurboListKit */ = {
			isa = XCSwiftPackageProductDependency;
			productName = TurboListKit;
		};
/* End XCSwiftPackageProductDependency section */
	};
	rootObject = DF6BE18F2F597E32002EA8E4 /* Project object */;
}
